lockVersion: 2.0.0
id: 7fd236a3-cbb1-4417-9483-49d5ea485be5
management:
  docChecksum: 555a795b434c1bf90d3bc820cc776dd3
  docVersion: 1.1.0
  speakeasyVersion: internal
  generationVersion: 2.225.2
  releaseVersion: 0.2.2
  configChecksum: 083794bcb2b2fd4cfc2966013167a3fa
  repoURL: https://github.com/saerelmasri/Test-SDK-Speakeasy.git
  repoSubDirectory: .
  installationURL: https://github.com/saerelmasri/Test-SDK-Speakeasy
  published: true
features:
  typescript:
    core: 3.4.1
    deprecations: 2.81.1
    flattening: 2.81.1
    globalSecurity: 2.82.2
    globalServerURLs: 2.82.1
generatedFiles:
  - src/sdk/destinations.ts
  - src/sdk/packages.ts
  - src/sdk/purchases.ts
  - src/sdk/esim.ts
  - src/sdk/sdk.ts
  - .eslintrc.js
  - .npmignore
  - package-lock.json
  - package.json
  - src/index.ts
  - src/lib/base64.ts
  - src/lib/config.ts
  - src/lib/encodings.ts
  - src/lib/http.ts
  - src/lib/retries.ts
  - src/lib/sdks.ts
  - src/lib/security.ts
  - src/lib/url.ts
  - src/sdk/index.ts
  - src/models/errors/sdkerror.ts
  - src/types/blobs.ts
  - src/types/decimal.ts
  - src/types/index.ts
  - src/types/operations.ts
  - src/types/rfcdate.ts
  - tsconfig.json
  - src/models/operations/listdestinations.ts
  - src/models/operations/listpackages.ts
  - src/models/operations/createpurchase.ts
  - src/models/operations/listpurchases.ts
  - src/models/operations/topupesim.ts
  - src/models/operations/editpurchase.ts
  - src/models/operations/getpurchaseconsumption.ts
  - src/models/operations/getesim.ts
  - src/models/operations/getesimdevice.ts
  - src/models/operations/getesimhistory.ts
  - src/models/operations/getesimmac.ts
  - src/models/errors/listdestinations.ts
  - src/models/errors/listpackages.ts
  - src/models/errors/createpurchase.ts
  - src/models/errors/listpurchases.ts
  - src/models/errors/topupesim.ts
  - src/models/errors/editpurchase.ts
  - src/models/errors/getpurchaseconsumption.ts
  - src/models/errors/getesim.ts
  - src/models/errors/getesimdevice.ts
  - src/models/errors/getesimhistory.ts
  - src/models/errors/getesimmac.ts
  - src/models/components/security.ts
  - src/models/errors/index.ts
  - src/models/operations/index.ts
  - src/models/components/index.ts
  - docs/models/operations/destinations.md
  - docs/models/operations/listdestinationsresponsebody.md
  - docs/models/operations/listdestinationsresponse.md
  - docs/types/rfcdate.md
  - docs/models/operations/listpackagesrequest.md
  - docs/models/operations/packages.md
  - docs/models/operations/listpackagesresponsebody.md
  - docs/models/operations/listpackagesresponse.md
  - docs/models/operations/createpurchaserequestbody.md
  - docs/models/operations/purchase.md
  - docs/models/operations/profile.md
  - docs/models/operations/createpurchaseresponsebody.md
  - docs/models/operations/createpurchaseresponse.md
  - docs/models/operations/listpurchasesrequest.md
  - docs/models/operations/package.md
  - docs/models/operations/listpurchasesesim.md
  - docs/models/operations/purchases.md
  - docs/models/operations/listpurchasesresponsebody.md
  - docs/models/operations/listpurchasesresponse.md
  - docs/models/operations/topupesimrequestbody.md
  - docs/models/operations/topupesimpurchase.md
  - docs/models/operations/topupesimprofile.md
  - docs/models/operations/topupesimresponsebody.md
  - docs/models/operations/topupesimresponse.md
  - docs/models/operations/editpurchaserequestbody.md
  - docs/models/operations/editpurchaseresponsebody.md
  - docs/models/operations/editpurchaseresponse.md
  - docs/models/operations/getpurchaseconsumptionrequest.md
  - docs/models/operations/getpurchaseconsumptionresponsebody.md
  - docs/models/operations/getpurchaseconsumptionresponse.md
  - docs/models/operations/getesimrequest.md
  - docs/models/operations/esim.md
  - docs/models/operations/getesimresponsebody.md
  - docs/models/operations/getesimresponse.md
  - docs/models/operations/getesimdevicerequest.md
  - docs/models/operations/device.md
  - docs/models/operations/getesimdeviceresponsebody.md
  - docs/models/operations/getesimdeviceresponse.md
  - docs/models/operations/getesimhistoryrequest.md
  - docs/models/operations/history.md
  - docs/models/operations/getesimhistoryesim.md
  - docs/models/operations/getesimhistoryresponsebody.md
  - docs/models/operations/getesimhistoryresponse.md
  - docs/models/operations/getesimmacrequest.md
  - docs/models/operations/getesimmacesim.md
  - docs/models/operations/getesimmacresponsebody.md
  - docs/models/operations/getesimmacresponse.md
  - docs/models/errors/listdestinationsdestinationsresponsebody.md
  - docs/models/errors/listdestinationsresponsebody.md
  - docs/models/errors/listpackagespackagesresponsebody.md
  - docs/models/errors/listpackagesresponsebody.md
  - docs/models/errors/createpurchasepurchasesresponsebody.md
  - docs/models/errors/createpurchaseresponsebody.md
  - docs/models/errors/listpurchasespurchasesresponsebody.md
  - docs/models/errors/listpurchasesresponsebody.md
  - docs/models/errors/topupesimpurchasesresponsebody.md
  - docs/models/errors/topupesimresponsebody.md
  - docs/models/errors/editpurchasepurchasesresponsebody.md
  - docs/models/errors/editpurchaseresponsebody.md
  - docs/models/errors/getpurchaseconsumptionpurchasesresponsebody.md
  - docs/models/errors/getpurchaseconsumptionresponsebody.md
  - docs/models/errors/getesimesimresponsebody.md
  - docs/models/errors/getesimresponsebody.md
  - docs/models/errors/getesimdeviceesimresponsebody.md
  - docs/models/errors/getesimdeviceresponsebody.md
  - docs/models/errors/getesimhistoryesimresponsebody.md
  - docs/models/errors/getesimhistoryresponsebody.md
  - docs/models/errors/getesimmacesimresponsebody.md
  - docs/models/errors/getesimmacresponsebody.md
  - docs/models/components/security.md
  - docs/sdks/sdkspeakeasy/README.md
  - docs/sdks/destinations/README.md
  - docs/sdks/packages/README.md
  - docs/sdks/purchases/README.md
  - docs/sdks/esim/README.md
  - USAGE.md
  - .gitattributes
